{
  "version": "4",
  "specifiers": {
    "jsr:@jackfiszr/faker@1.1.6": "1.1.6",
    "jsr:@std/assert@1": "1.0.12",
    "jsr:@std/assert@^1.0.12": "1.0.12",
    "jsr:@std/expect@*": "1.0.14",
    "jsr:@std/internal@^1.0.6": "1.0.6",
    "jsr:@std/testing@*": "1.0.10",
    "npm:@faker-js/faker@*": "9.6.0",
    "npm:@types/node@*": "22.12.0",
    "npm:faker@*": "6.6.6",
    "npm:mailhog@*": "4.16.0"
  },
  "jsr": {
    "@jackfiszr/faker@1.1.6": {
      "integrity": "0d04ca2a13889243670c17ef30d318208c918a7c6a5afbdb6e0958d4cd71e98b"
    },
    "@std/assert@1.0.12": {
      "integrity": "08009f0926dda9cbd8bef3a35d3b6a4b964b0ab5c3e140a4e0351fbf34af5b9a",
      "dependencies": [
        "jsr:@std/internal"
      ]
    },
    "@std/expect@1.0.14": {
      "integrity": "27b8200267c97206e38050aff18badc82e73b3072c1a6bdd59393ddea6f69183",
      "dependencies": [
        "jsr:@std/assert@^1.0.12",
        "jsr:@std/internal"
      ]
    },
    "@std/internal@1.0.6": {
      "integrity": "9533b128f230f73bd209408bb07a4b12f8d4255ab2a4d22a1fd6d87304aca9a4"
    },
    "@std/testing@1.0.10": {
      "integrity": "8997bd0b0df020b81bf5eae103c66622918adeff7e45e96291c92a29dbf82cc1",
      "dependencies": [
        "jsr:@std/assert@^1.0.12",
        "jsr:@std/internal"
      ]
    }
  },
  "npm": {
    "@faker-js/faker@9.6.0": {
      "integrity": "sha512-3vm4by+B5lvsFPSyep3ELWmZfE3kicDtmemVpuwl1yH7tqtnHdsA6hG8fbXedMVdkzgtvzWoRgjSB4Q+FHnZiw=="
    },
    "@types/node@22.12.0": {
      "integrity": "sha512-Fll2FZ1riMjNmlmJOdAyY5pUbkftXslB5DgEzlIuNaiWhXd00FhWxVC/r4yV/4wBb9JfImTu+jiSvXTkJ7F/gA==",
      "dependencies": [
        "undici-types"
      ]
    },
    "faker@6.6.6": {
      "integrity": "sha512-9tCqYEDHI5RYFQigXFwF1hnCwcWCOJl/hmll0lr5D2Ljjb0o4wphb69wikeJDz5qCEzXCoPvG6ss5SDP6IfOdg=="
    },
    "iconv-lite@0.6.3": {
      "integrity": "sha512-4fCk79wshMdzMp2rH06qWrJE4iolqLhCUH+OiuIgU++RB0+94NlDL81atO7GX55uUKueo0txHNtvEyI6D7WdMw==",
      "dependencies": [
        "safer-buffer"
      ]
    },
    "mailhog@4.16.0": {
      "integrity": "sha512-wXrGik+0MaAy4dbYTImxa8niX9a4aRpZTzC/b1GzCvQs09khhs0aKZgHjgScakI4Y18WInDvvF48hhEz9ifN4g==",
      "dependencies": [
        "iconv-lite"
      ]
    },
    "safer-buffer@2.1.2": {
      "integrity": "sha512-YZo3K82SD7Riyi0E1EQPojLz7kpepnSQI9IyPbHHg1XXXevb5dJI7tpyN2ADxGcQbHG7vcyRHk0cbwqcQriUtg=="
    },
    "undici-types@6.20.0": {
      "integrity": "sha512-Ny6QZ2Nju20vw1SRHe3d9jVu6gJ+4e3+MMpqu7pqE5HT6WsTSlce++GQmK5UXS8mzV8DSYHrQH+Xrf2jVcuKNg=="
    }
  },
  "redirects": {
    "https://deno.land/x/sleep/mod.ts": "https://deno.land/x/sleep@v1.3.0/mod.ts"
  },
  "remote": {
    "https://deno.land/x/sleep@v1.3.0/mod.ts": "e9955ecd3228a000e29d46726cd6ab14b65cf83904e9b365f3a8d64ec61c1af3",
    "https://deno.land/x/sleep@v1.3.0/sleep.ts": "b6abaca093b094b0c2bba94f287b19a60946a8d15764d168f83fcf555f5bb59e"
  },
  "workspace": {
    "dependencies": [
      "jsr:@std/assert@1"
    ]
  }
}
